// !$*UTF8*$!
{
	archiveVersion = 1;
	classes = {
	};
	objectVersion = 46;
	objects = {

/* Begin PBXBuildFile section */
		3A1B737414CB475400362967 /* BrainCalculator.m in Sources */ = {isa = PBXBuildFile; fileRef = 3A1B737314CB475400362967 /* BrainCalculator.m */; };
		3A21D2C614CB3215008B111B /* UIKit.framework in Frameworks */ = {isa = PBXBuildFile; fileRef = 3A21D2C514CB3215008B111B /* UIKit.framework */; };
		3A21D2C814CB3215008B111B /* Foundation.framework in Frameworks */ = {isa = PBXBuildFile; fileRef = 3A21D2C714CB3215008B111B /* Foundation.framework */; };
		3A21D2CA14CB3215008B111B /* CoreGraphics.framework in Frameworks */ = {isa = PBXBuildFile; fileRef = 3A21D2C914CB3215008B111B /* CoreGraphics.framework */; };
		3A21D2D014CB3215008B111B /* InfoPlist.strings in Resources */ = {isa = PBXBuildFile; fileRef = 3A21D2CE14CB3215008B111B /* InfoPlist.strings */; };
		3A21D2D214CB3215008B111B /* main.m in Sources */ = {isa = PBXBuildFile; fileRef = 3A21D2D114CB3215008B111B /* main.m */; };
		3A21D2D614CB3215008B111B /* CalculatorAppDelegate.m in Sources */ = {isa = PBXBuildFile; fileRef = 3A21D2D514CB3215008B111B /* CalculatorAppDelegate.m */; };
		3A21D2D914CB3215008B111B /* iPhoneStoryboard.storyboard in Resources */ = {isa = PBXBuildFile; fileRef = 3A21D2D714CB3215008B111B /* iPhoneStoryboard.storyboard */; };
		3A21D2DC14CB3215008B111B /* CalculatorViewController.m in Sources */ = {isa = PBXBuildFile; fileRef = 3A21D2DB14CB3215008B111B /* CalculatorViewController.m */; };
		3A2230A215B750FD00A49167 /* iPadStoryboard.storyboard in Resources */ = {isa = PBXBuildFile; fileRef = 3A2230A115B750FD00A49167 /* iPadStoryboard.storyboard */; };
		3A429A7915B37DB8009C6AAA /* GraphView.m in Sources */ = {isa = PBXBuildFile; fileRef = 3A429A7815B37DB8009C6AAA /* GraphView.m */; };
		3A429A8215B37E74009C6AAA /* GraphViewController.m in Sources */ = {isa = PBXBuildFile; fileRef = 3A429A8115B37E74009C6AAA /* GraphViewController.m */; };
		3AAE25ED15B380170043081E /* AxesDrawer.m in Sources */ = {isa = PBXBuildFile; fileRef = 3AAE25EC15B380170043081E /* AxesDrawer.m */; };
/* End PBXBuildFile section */

/* Begin PBXFileReference section */
		3A1B737214CB475400362967 /* BrainCalculator.h */ = {isa = PBXFileReference; fileEncoding = 4; lastKnownFileType = sourcecode.c.h; path = BrainCalculator.h; sourceTree = "<group>"; };
		3A1B737314CB475400362967 /* BrainCalculator.m */ = {isa = PBXFileReference; fileEncoding = 4; lastKnownFileType = sourcecode.c.objc; path = BrainCalculator.m; sourceTree = "<group>"; };
		3A21D2C114CB3215008B111B /* Calculator.app */ = {isa = PBXFileReference; explicitFileType = wrapper.application; includeInIndex = 0; path = Calculator.app; sourceTree = BUILT_PRODUCTS_DIR; };
		3A21D2C514CB3215008B111B /* UIKit.framework */ = {isa = PBXFileReference; lastKnownFileType = wrapper.framework; name = UIKit.framework; path = System/Library/Frameworks/UIKit.framework; sourceTree = SDKROOT; };
		3A21D2C714CB3215008B111B /* Foundation.framework */ = {isa = PBXFileReference; lastKnownFileType = wrapper.framework; name = Foundation.framework; path = System/Library/Frameworks/Foundation.framework; sourceTree = SDKROOT; };
		3A21D2C914CB3215008B111B /* CoreGraphics.framework */ = {isa = PBXFileReference; lastKnownFileType = wrapper.framework; name = CoreGraphics.framework; path = System/Library/Frameworks/CoreGraphics.framework; sourceTree = SDKROOT; };
		3A21D2CD14CB3215008B111B /* Calculator-Info.plist */ = {isa = PBXFileReference; lastKnownFileType = text.plist.xml; path = "Calculator-Info.plist"; sourceTree = "<group>"; };
		3A21D2CF14CB3215008B111B /* en */ = {isa = PBXFileReference; lastKnownFileType = text.plist.strings; name = en; path = en.lproj/InfoPlist.strings; sourceTree = "<group>"; };
		3A21D2D114CB3215008B111B /* main.m */ = {isa = PBXFileReference; lastKnownFileType = sourcecode.c.objc; path = main.m; sourceTree = "<group>"; };
		3A21D2D314CB3215008B111B /* Calculator-Prefix.pch */ = {isa = PBXFileReference; lastKnownFileType = sourcecode.c.h; path = "Calculator-Prefix.pch"; sourceTree = "<group>"; };
		3A21D2D414CB3215008B111B /* CalculatorAppDelegate.h */ = {isa = PBXFileReference; lastKnownFileType = sourcecode.c.h; path = CalculatorAppDelegate.h; sourceTree = "<group>"; };
		3A21D2D514CB3215008B111B /* CalculatorAppDelegate.m */ = {isa = PBXFileReference; lastKnownFileType = sourcecode.c.objc; path = CalculatorAppDelegate.m; sourceTree = "<group>"; };
		3A21D2D814CB3215008B111B /* en */ = {isa = PBXFileReference; lastKnownFileType = file.storyboard; name = en; path = en.lproj/iPhoneStoryboard.storyboard; sourceTree = "<group>"; };
		3A21D2DA14CB3215008B111B /* CalculatorViewController.h */ = {isa = PBXFileReference; lastKnownFileType = sourcecode.c.h; path = CalculatorViewController.h; sourceTree = "<group>"; };
		3A21D2DB14CB3215008B111B /* CalculatorViewController.m */ = {isa = PBXFileReference; lastKnownFileType = sourcecode.c.objc; path = CalculatorViewController.m; sourceTree = "<group>"; };
		3A2230A115B750FD00A49167 /* iPadStoryboard.storyboard */ = {isa = PBXFileReference; fileEncoding = 4; lastKnownFileType = file.storyboard; path = iPadStoryboard.storyboard; sourceTree = "<group>"; };
		3A429A7715B37DB8009C6AAA /* GraphView.h */ = {isa = PBXFileReference; fileEncoding = 4; lastKnownFileType = sourcecode.c.h; path = GraphView.h; sourceTree = "<group>"; };
		3A429A7815B37DB8009C6AAA /* GraphView.m */ = {isa = PBXFileReference; fileEncoding = 4; lastKnownFileType = sourcecode.c.objc; path = GraphView.m; sourceTree = "<group>"; };
		3A429A8015B37E74009C6AAA /* GraphViewController.h */ = {isa = PBXFileReference; fileEncoding = 4; lastKnownFileType = sourcecode.c.h; path = GraphViewController.h; sourceTree = "<group>"; };
		3A429A8115B37E74009C6AAA /* GraphViewController.m */ = {isa = PBXFileReference; fileEncoding = 4; lastKnownFileType = sourcecode.c.objc; path = GraphViewController.m; sourceTree = "<group>"; };
		3A5DD43A15B7885400FF47C2 /* SplitViewBarButtonItemPresenter.h */ = {isa = PBXFileReference; fileEncoding = 4; lastKnownFileType = sourcecode.c.h; path = SplitViewBarButtonItemPresenter.h; sourceTree = "<group>"; };
		3AAE25EB15B380170043081E /* AxesDrawer.h */ = {isa = PBXFileReference; fileEncoding = 4; lastKnownFileType = sourcecode.c.h; path = AxesDrawer.h; sourceTree = "<group>"; };
		3AAE25EC15B380170043081E /* AxesDrawer.m */ = {isa = PBXFileReference; fileEncoding = 4; lastKnownFileType = sourcecode.c.objc; path = AxesDrawer.m; sourceTree = "<group>"; };
/* End PBXFileReference section */

/* Begin PBXFrameworksBuildPhase section */
		3A21D2BE14CB3215008B111B /* Frameworks */ = {
			isa = PBXFrameworksBuildPhase;
			buildActionMask = 2147483647;
			files = (
				3A21D2C614CB3215008B111B /* UIKit.framework in Frameworks */,
				3A21D2C814CB3215008B111B /* Foundation.framework in Frameworks */,
				3A21D2CA14CB3215008B111B /* CoreGraphics.framework in Frameworks */,
			);
			runOnlyForDeploymentPostprocessing = 0;
		};
/* End PBXFrameworksBuildPhase section */

/* Begin PBXGroup section */
		3A21D2B614CB3215008B111B = {
			isa = PBXGroup;
			children = (
				3A21D2CB14CB3215008B111B /* Calculator */,
				3A21D2C414CB3215008B111B /* Frameworks */,
				3A21D2C214CB3215008B111B /* Products */,
			);
			sourceTree = "<group>";
		};
		3A21D2C214CB3215008B111B /* Products */ = {
			isa = PBXGroup;
			children = (
				3A21D2C114CB3215008B111B /* Calculator.app */,
			);
			name = Products;
			sourceTree = "<group>";
		};
		3A21D2C414CB3215008B111B /* Frameworks */ = {
			isa = PBXGroup;
			children = (
				3A21D2C514CB3215008B111B /* UIKit.framework */,
				3A21D2C714CB3215008B111B /* Foundation.framework */,
				3A21D2C914CB3215008B111B /* CoreGraphics.framework */,
			);
			name = Frameworks;
			sourceTree = "<group>";
		};
		3A21D2CB14CB3215008B111B /* Calculator */ = {
			isa = PBXGroup;
			children = (
				3AAE25EB15B380170043081E /* AxesDrawer.h */,
				3AAE25EC15B380170043081E /* AxesDrawer.m */,
				3A21D2D414CB3215008B111B /* CalculatorAppDelegate.h */,
				3A21D2D514CB3215008B111B /* CalculatorAppDelegate.m */,
				3A21D2D714CB3215008B111B /* iPhoneStoryboard.storyboard */,
				3A2230A115B750FD00A49167 /* iPadStoryboard.storyboard */,
				3A1B737214CB475400362967 /* BrainCalculator.h */,
				3A1B737314CB475400362967 /* BrainCalculator.m */,
				3A21D2DA14CB3215008B111B /* CalculatorViewController.h */,
				3A21D2DB14CB3215008B111B /* CalculatorViewController.m */,
				3A21D2CC14CB3215008B111B /* Supporting Files */,
				3A429A7715B37DB8009C6AAA /* GraphView.h */,
				3A429A7815B37DB8009C6AAA /* GraphView.m */,
				3A429A8015B37E74009C6AAA /* GraphViewController.h */,
				3A429A8115B37E74009C6AAA /* GraphViewController.m */,
				3A5DD43A15B7885400FF47C2 /* SplitViewBarButtonItemPresenter.h */,
			);
			path = Calculator;
			sourceTree = "<group>";
		};
		3A21D2CC14CB3215008B111B /* Supporting Files */ = {
			isa = PBXGroup;
			children = (
				3A21D2CD14CB3215008B111B /* Calculator-Info.plist */,
				3A21D2CE14CB3215008B111B /* InfoPlist.strings */,
				3A21D2D114CB3215008B111B /* main.m */,
				3A21D2D314CB3215008B111B /* Calculator-Prefix.pch */,
			);
			name = "Supporting Files";
			sourceTree = "<group>";
		};
/* End PBXGroup section */

/* Begin PBXNativeTarget section */
		3A21D2C014CB3215008B111B /* Calculator */ = {
			isa = PBXNativeTarget;
			buildConfigurationList = 3A21D2DF14CB3215008B111B /* Build configuration list for PBXNativeTarget "Calculator" */;
			buildPhases = (
				3A21D2BD14CB3215008B111B /* Sources */,
				3A21D2BE14CB3215008B111B /* Frameworks */,
				3A21D2BF14CB3215008B111B /* Resources */,
			);
			buildRules = (
			);
			dependencies = (
			);
			name = Calculator;
			productName = Calculator;
			productReference = 3A21D2C114CB3215008B111B /* Calculator.app */;
			productType = "com.apple.product-type.application";
		};
/* End PBXNativeTarget section */

/* Begin PBXProject section */
		3A21D2B814CB3215008B111B /* Project object */ = {
			isa = PBXProject;
			attributes = {
				LastUpgradeCheck = 0420;
			};
			buildConfigurationList = 3A21D2BB14CB3215008B111B /* Build configuration list for PBXProject "Calculator" */;
			compatibilityVersion = "Xcode 3.2";
			developmentRegion = English;
			hasScannedForEncodings = 0;
			knownRegions = (
				en,
			);
			mainGroup = 3A21D2B614CB3215008B111B;
			productRefGroup = 3A21D2C214CB3215008B111B /* Products */;
			projectDirPath = "";
			projectRoot = "";
			targets = (
				3A21D2C014CB3215008B111B /* Calculator */,
			);
		};
/* End PBXProject section */

/* Begin PBXResourcesBuildPhase section */
		3A21D2BF14CB3215008B111B /* Resources */ = {
			isa = PBXResourcesBuildPhase;
			buildActionMask = 2147483647;
			files = (
				3A21D2D014CB3215008B111B /* InfoPlist.strings in Resources */,
				3A21D2D914CB3215008B111B /* iPhoneStoryboard.storyboard in Resources */,
				3A2230A215B750FD00A49167 /* iPadStoryboard.storyboard in Resources */,
			);
			runOnlyForDeploymentPostprocessing = 0;
		};
/* End PBXResourcesBuildPhase section */

/* Begin PBXSourcesBuildPhase section */
		3A21D2BD14CB3215008B111B /* Sources */ = {
			isa = PBXSourcesBuildPhase;
			buildActionMask = 2147483647;
			files = (
				3A21D2D214CB3215008B111B /* main.m in Sources */,
				3A21D2D614CB3215008B111B /* CalculatorAppDelegate.m in Sources */,
				3A21D2DC14CB3215008B111B /* CalculatorViewController.m in Sources */,
				3A1B737414CB475400362967 /* BrainCalculator.m in Sources */,
				3A429A7915B37DB8009C6AAA /* GraphView.m in Sources */,
				3A429A8215B37E74009C6AAA /* GraphViewController.m in Sources */,
				3AAE25ED15B380170043081E /* AxesDrawer.m in Sources */,
			);
			runOnlyForDeploymentPostprocessing = 0;
		};
/* End PBXSourcesBuildPhase section */

/* Begin PBXVariantGroup section */
		3A21D2CE14CB3215008B111B /* InfoPlist.strings */ = {
			isa = PBXVariantGroup;
			children = (
				3A21D2CF14CB3215008B111B /* en */,
			);
			name = InfoPlist.strings;
			sourceTree = "<group>";
		};
		3A21D2D714CB3215008B111B /* iPhoneStoryboard.storyboard */ = {
			isa = PBXVariantGroup;
			children = (
				3A21D2D814CB3215008B111B /* en */,
			);
			name = iPhoneStoryboard.storyboard;
			sourceTree = "<group>";
		};
/* End PBXVariantGroup section */

/* Begin XCBuildConfiguration section */
		3A21D2DD14CB3215008B111B /* Debug */ = {
			isa = XCBuildConfiguration;
			buildSettings = {
				ALWAYS_SEARCH_USER_PATHS = NO;
				ARCHS = "$(ARCHS_STANDARD_32_BIT)";
				CLANG_ENABLE_OBJC_ARC = YES;
				"CODE_SIGN_IDENTITY[sdk=iphoneos*]" = "iPhone Developer";
				COPY_PHASE_STRIP = NO;
				GCC_C_LANGUAGE_STANDARD = gnu99;
				GCC_DYNAMIC_NO_PIC = NO;
				GCC_OPTIMIZATION_LEVEL = 0;
				GCC_PREPROCESSOR_DEFINITIONS = (
					"DEBUG=1",
					"$(inherited)",
				);
				GCC_SYMBOLS_PRIVATE_EXTERN = NO;
				GCC_VERSION = com.apple.compilers.llvm.clang.1_0;
				GCC_WARN_ABOUT_MISSING_PROTOTYPES = YES;
				GCC_WARN_ABOUT_RETURN_TYPE = YES;
				GCC_WARN_UNUSED_VARIABLE = YES;
				IPHONEOS_DEPLOYMENT_TARGET = 5.0;
				SDKROOT = iphoneos;
			};
			name = Debug;
		};
		3A21D2DE14CB3215008B111B /* Release */ = {
			isa = XCBuildConfiguration;
			buildSettings = {
				ALWAYS_SEARCH_USER_PATHS = NO;
				ARCHS = "$(ARCHS_STANDARD_32_BIT)";
				CLANG_ENABLE_OBJC_ARC = YES;
				"CODE_SIGN_IDENTITY[sdk=iphoneos*]" = "iPhone Developer";
				COPY_PHASE_STRIP = YES;
				GCC_C_LANGUAGE_STANDARD = gnu99;
				GCC_VERSION = com.apple.compilers.llvm.clang.1_0;
				GCC_WARN_ABOUT_MISSING_PROTOTYPES = YES;
				GCC_WARN_ABOUT_RETURN_TYPE = YES;
				GCC_WARN_UNUSED_VARIABLE = YES;
				IPHONEOS_DEPLOYMENT_TARGET = 5.0;
				OTHER_CFLAGS = "-DNS_BLOCK_ASSERTIONS=1";
				SDKROOT = iphoneos;
				VALIDATE_PRODUCT = YES;
			};
			name = Release;
		};
		3A21D2E014CB3215008B111B /* Debug */ = {
			isa = XCBuildConfiguration;
			buildSettings = {
				GCC_PRECOMPILE_PREFIX_HEADER = YES;
				GCC_PREFIX_HEADER = "Calculator/Calculator-Prefix.pch";
				INFOPLIST_FILE = "Calculator/Calculator-Info.plist";
				IPHONEOS_DEPLOYMENT_TARGET = 5.0;
				PRODUCT_NAME = "$(TARGET_NAME)";
				TARGETED_DEVICE_FAMILY = "1,2";
				WRAPPER_EXTENSION = app;
			};
			name = Debug;
		};
		3A21D2E114CB3215008B111B /* Release */ = {
			isa = XCBuildConfiguration;
			buildSettings = {
				GCC_PRECOMPILE_PREFIX_HEADER = YES;
				GCC_PREFIX_HEADER = "Calculator/Calculator-Prefix.pch";
				INFOPLIST_FILE = "Calculator/Calculator-Info.plist";
				IPHONEOS_DEPLOYMENT_TARGET = 5.0;
				PRODUCT_NAME = "$(TARGET_NAME)";
				TARGETED_DEVICE_FAMILY = "1,2";
				WRAPPER_EXTENSION = app;
			};
			name = Release;
		};
/* End XCBuildConfiguration section */

/* Begin XCConfigurationList section */
		3A21D2BB14CB3215008B111B /* Build configuration list for PBXProject "Calculator" */ = {
			isa = XCConfigurationList;
			buildConfigurations = (
				3A21D2DD14CB3215008B111B /* Debug */,
				3A21D2DE14CB3215008B111B /* Release */,
			);
			defaultConfigurationIsVisible = 0;
			defaultConfigurationName = Release;
		};
		3A21D2DF14CB3215008B111B /* Build configuration list for PBXNativeTarget "Calculator" */ = {
			isa = XCConfigurationList;
			buildConfigurations = (
				3A21D2E014CB3215008B111B /* Debug */,
				3A21D2E114CB3215008B111B /* Release */,
			);
			defaultConfigurationIsVisible = 0;
			defaultConfigurationName = Release;
		};
/* End XCConfigurationList section */
	};
	rootObject = 3A21D2B814CB3215008B111B /* Project object */;
}
